
Microsoft Visual Studio Solution File, Format Version 12.00
# Visual Studio 15
VisualStudioVersion = 15.0.27004.2008
MinimumVisualStudioVersion = 10.0.40219.1
Project("{FAE04EC0-301F-11D3-BF4B-00C04F79EFBC}") = "Lesson2.Android", "Lesson2\Lesson2.Android\Lesson2.Android.csproj", "{1F44BA58-137A-4C15-BBFE-E3EC7F068433}"
EndProject
Project("{FAE04EC0-301F-11D3-BF4B-00C04F79EFBC}") = "Lesson2", "Lesson2\Lesson2\Lesson2.csproj", "{3D1CDD9E-8361-4156-A8D3-4EF038FACDF1}"
EndProject
Project("{FAE04EC0-301F-11D3-BF4B-00C04F79EFBC}") = "Lesson2.iOS", "Lesson2\Lesson2.iOS\Lesson2.iOS.csproj", "{A6FF7DE0-72CA-4FA7-BE4D-E7FD0B78EE80}"
EndProject
Global
	GlobalSection(SolutionConfigurationPlatforms) = preSolution
		Ad-Hoc|Any CPU = Ad-Hoc|Any CPU
		Ad-Hoc|iPhone = Ad-Hoc|iPhone
		Ad-Hoc|iPhoneSimulator = Ad-Hoc|iPhoneSimulator
		AppStore|Any CPU = AppStore|Any CPU
		AppStore|iPhone = AppStore|iPhone
		AppStore|iPhoneSimulator = AppStore|iPhoneSimulator
		Debug|Any CPU = Debug|Any CPU
		Debug|iPhone = Debug|iPhone
		Debug|iPhoneSimulator = Debug|iPhoneSimulator
		Release|Any CPU = Release|Any CPU
		Release|iPhone = Release|iPhone
		Release|iPhoneSimulator = Release|iPhoneSimulator
	EndGlobalSection
	GlobalSection(ProjectConfigurationPlatforms) = postSolution
		{1F44BA58-137A-4C15-BBFE-E3EC7F068433}.Ad-Hoc|Any CPU.ActiveCfg = Release|Any CPU
		{1F44BA58-137A-4C15-BBFE-E3EC7F068433}.Ad-Hoc|Any CPU.Build.0 = Release|Any CPU
		{1F44BA58-137A-4C15-BBFE-E3EC7F068433}.Ad-Hoc|Any CPU.Deploy.0 = Release|Any CPU
		{1F44BA58-137A-4C15-BBFE-E3EC7F068433}.Ad-Hoc|iPhone.ActiveCfg = Release|Any CPU
		{1F44BA58-137A-4C15-BBFE-E3EC7F068433}.Ad-Hoc|iPhone.Build.0 = Release|Any CPU
		{1F44BA58-137A-4C15-BBFE-E3EC7F068433}.Ad-Hoc|iPhone.Deploy.0 = Release|Any CPU
		{1F44BA58-137A-4C15-BBFE-E3EC7F068433}.Ad-Hoc|iPhoneSimulator.ActiveCfg = Release|Any CPU
		{1F44BA58-137A-4C15-BBFE-E3EC7F068433}.Ad-Hoc|iPhoneSimulator.Build.0 = Release|Any CPU
		{1F44BA58-137A-4C15-BBFE-E3EC7F068433}.Ad-Hoc|iPhoneSimulator.Deploy.0 = Release|Any CPU
		{1F44BA58-137A-4C15-BBFE-E3EC7F068433}.AppStore|Any CPU.ActiveCfg = Release|Any CPU
		{1F44BA58-137A-4C15-BBFE-E3EC7F068433}.AppStore|Any CPU.Build.0 = Release|Any CPU
		{1F44BA58-137A-4C15-BBFE-E3EC7F068433}.AppStore|Any CPU.Deploy.0 = Release|Any CPU
		{1F44BA58-137A-4C15-BBFE-E3EC7F068433}.AppStore|iPhone.ActiveCfg = Release|Any CPU
		{1F44BA58-137A-4C15-BBFE-E3EC7F068433}.AppStore|iPhone.Build.0 = Release|Any CPU
		{1F44BA58-137A-4C15-BBFE-E3EC7F068433}.AppStore|iPhone.Deploy.0 = Release|Any CPU
		{1F44BA58-137A-4C15-BBFE-E3EC7F068433}.AppStore|iPhoneSimulator.ActiveCfg = Release|Any CPU
		{1F44BA58-137A-4C15-BBFE-E3EC7F068433}.AppStore|iPhoneSimulator.Build.0 = Release|Any CPU
		{1F44BA58-137A-4C15-BBFE-E3EC7F068433}.AppStore|iPhoneSimulator.Deploy.0 = Release|Any CPU
		{1F44BA58-137A-4C15-BBFE-E3EC7F068433}.Debug|Any CPU.ActiveCfg = Debug|Any CPU
		{1F44BA58-137A-4C15-BBFE-E3EC7F068433}.Debug|Any CPU.Build.0 = Debug|Any CPU
		{1F44BA58-137A-4C15-BBFE-E3EC7F068433}.Debug|Any CPU.Deploy.0 = Debug|Any CPU
		{1F44BA58-137A-4C15-BBFE-E3EC7F068433}.Debug|iPhone.ActiveCfg = Debug|Any CPU
		{1F44BA58-137A-4C15-BBFE-E3EC7F068433}.Debug|iPhone.Build.0 = Debug|Any CPU
		{1F44BA58-137A-4C15-BBFE-E3EC7F068433}.Debug|iPhone.Deploy.0 = Debug|Any CPU
		{1F44BA58-137A-4C15-BBFE-E3EC7F068433}.Debug|iPhoneSimulator.ActiveCfg = Debug|Any CPU
		{1F44BA58-137A-4C15-BBFE-E3EC7F068433}.Debug|iPhoneSimulator.Build.0 = Debug|Any CPU
		{1F44BA58-137A-4C15-BBFE-E3EC7F068433}.Debug|iPhoneSimulator.Deploy.0 = Debug|Any CPU
		{1F44BA58-137A-4C15-BBFE-E3EC7F068433}.Release|Any CPU.ActiveCfg = Release|Any CPU
		{1F44BA58-137A-4C15-BBFE-E3EC7F068433}.Release|Any CPU.Build.0 = Release|Any CPU
		{1F44BA58-137A-4C15-BBFE-E3EC7F068433}.Release|Any CPU.Deploy.0 = Release|Any CPU
		{1F44BA58-137A-4C15-BBFE-E3EC7F068433}.Release|iPhone.ActiveCfg = Release|Any CPU
		{1F44BA58-137A-4C15-BBFE-E3EC7F068433}.Release|iPhone.Build.0 = Release|Any CPU
		{1F44BA58-137A-4C15-BBFE-E3EC7F068433}.Release|iPhone.Deploy.0 = Release|Any CPU
		{1F44BA58-137A-4C15-BBFE-E3EC7F068433}.Release|iPhoneSimulator.ActiveCfg = Release|Any CPU
		{1F44BA58-137A-4C15-BBFE-E3EC7F068433}.Release|iPhoneSimulator.Build.0 = Release|Any CPU
		{1F44BA58-137A-4C15-BBFE-E3EC7F068433}.Release|iPhoneSimulator.Deploy.0 = Release|Any CPU
		{3D1CDD9E-8361-4156-A8D3-4EF038FACDF1}.Ad-Hoc|Any CPU.ActiveCfg = Release|Any CPU
		{3D1CDD9E-8361-4156-A8D3-4EF038FACDF1}.Ad-Hoc|Any CPU.Build.0 = Release|Any CPU
		{3D1CDD9E-8361-4156-A8D3-4EF038FACDF1}.Ad-Hoc|iPhone.ActiveCfg = Release|Any CPU
		{3D1CDD9E-8361-4156-A8D3-4EF038FACDF1}.Ad-Hoc|iPhone.Build.0 = Release|Any CPU
		{3D1CDD9E-8361-4156-A8D3-4EF038FACDF1}.Ad-Hoc|iPhoneSimulator.ActiveCfg = Release|Any CPU
		{3D1CDD9E-8361-4156-A8D3-4EF038FACDF1}.Ad-Hoc|iPhoneSimulator.Build.0 = Release|Any CPU
		{3D1CDD9E-8361-4156-A8D3-4EF038FACDF1}.AppStore|Any CPU.ActiveCfg = Release|Any CPU
		{3D1CDD9E-8361-4156-A8D3-4EF038FACDF1}.AppStore|Any CPU.Build.0 = Release|Any CPU
		{3D1CDD9E-8361-4156-A8D3-4EF038FACDF1}.AppStore|iPhone.ActiveCfg = Release|Any CPU
		{3D1CDD9E-8361-4156-A8D3-4EF038FACDF1}.AppStore|iPhone.Build.0 = Release|Any CPU
		{3D1CDD9E-8361-4156-A8D3-4EF038FACDF1}.AppStore|iPhoneSimulator.ActiveCfg = Release|Any CPU
		{3D1CDD9E-8361-4156-A8D3-4EF038FACDF1}.AppStore|iPhoneSimulator.Build.0 = Release|Any CPU
		{3D1CDD9E-8361-4156-A8D3-4EF038FACDF1}.Debug|Any CPU.ActiveCfg = Debug|Any CPU
		{3D1CDD9E-8361-4156-A8D3-4EF038FACDF1}.Debug|Any CPU.Build.0 = Debug|Any CPU
		{3D1CDD9E-8361-4156-A8D3-4EF038FACDF1}.Debug|iPhone.ActiveCfg = Debug|Any CPU
		{3D1CDD9E-8361-4156-A8D3-4EF038FACDF1}.Debug|iPhone.Build.0 = Debug|Any CPU
		{3D1CDD9E-8361-4156-A8D3-4EF038FACDF1}.Debug|iPhoneSimulator.ActiveCfg = Debug|Any CPU
		{3D1CDD9E-8361-4156-A8D3-4EF038FACDF1}.Debug|iPhoneSimulator.Build.0 = Debug|Any CPU
		{3D1CDD9E-8361-4156-A8D3-4EF038FACDF1}.Release|Any CPU.ActiveCfg = Release|Any CPU
		{3D1CDD9E-8361-4156-A8D3-4EF038FACDF1}.Release|Any CPU.Build.0 = Release|Any CPU
		{3D1CDD9E-8361-4156-A8D3-4EF038FACDF1}.Release|iPhone.ActiveCfg = Release|Any CPU
		{3D1CDD9E-8361-4156-A8D3-4EF038FACDF1}.Release|iPhone.Build.0 = Release|Any CPU
		{3D1CDD9E-8361-4156-A8D3-4EF038FACDF1}.Release|iPhoneSimulator.ActiveCfg = Release|Any CPU
		{3D1CDD9E-8361-4156-A8D3-4EF038FACDF1}.Release|iPhoneSimulator.Build.0 = Release|Any CPU
		{A6FF7DE0-72CA-4FA7-BE4D-E7FD0B78EE80}.Ad-Hoc|Any CPU.ActiveCfg = Ad-Hoc|iPhoneSimulator
		{A6FF7DE0-72CA-4FA7-BE4D-E7FD0B78EE80}.Ad-Hoc|iPhone.ActiveCfg = Ad-Hoc|iPhone
		{A6FF7DE0-72CA-4FA7-BE4D-E7FD0B78EE80}.Ad-Hoc|iPhone.Build.0 = Ad-Hoc|iPhone
		{A6FF7DE0-72CA-4FA7-BE4D-E7FD0B78EE80}.Ad-Hoc|iPhoneSimulator.ActiveCfg = Ad-Hoc|iPhoneSimulator
		{A6FF7DE0-72CA-4FA7-BE4D-E7FD0B78EE80}.Ad-Hoc|iPhoneSimulator.Build.0 = Ad-Hoc|iPhoneSimulator
		{A6FF7DE0-72CA-4FA7-BE4D-E7FD0B78EE80}.AppStore|Any CPU.ActiveCfg = AppStore|iPhoneSimulator
		{A6FF7DE0-72CA-4FA7-BE4D-E7FD0B78EE80}.AppStore|iPhone.ActiveCfg = AppStore|iPhone
		{A6FF7DE0-72CA-4FA7-BE4D-E7FD0B78EE80}.AppStore|iPhone.Build.0 = AppStore|iPhone
		{A6FF7DE0-72CA-4FA7-BE4D-E7FD0B78EE80}.AppStore|iPhoneSimulator.ActiveCfg = AppStore|iPhoneSimulator
		{A6FF7DE0-72CA-4FA7-BE4D-E7FD0B78EE80}.AppStore|iPhoneSimulator.Build.0 = AppStore|iPhoneSimulator
		{A6FF7DE0-72CA-4FA7-BE4D-E7FD0B78EE80}.Debug|Any CPU.ActiveCfg = Debug|iPhoneSimulator
		{A6FF7DE0-72CA-4FA7-BE4D-E7FD0B78EE80}.Debug|iPhone.ActiveCfg = Debug|iPhone
		{A6FF7DE0-72CA-4FA7-BE4D-E7FD0B78EE80}.Debug|iPhone.Build.0 = Debug|iPhone
		{A6FF7DE0-72CA-4FA7-BE4D-E7FD0B78EE80}.Debug|iPhoneSimulator.ActiveCfg = Debug|iPhoneSimulator
		{A6FF7DE0-72CA-4FA7-BE4D-E7FD0B78EE80}.Debug|iPhoneSimulator.Build.0 = Debug|iPhoneSimulator
		{A6FF7DE0-72CA-4FA7-BE4D-E7FD0B78EE80}.Release|Any CPU.ActiveCfg = Release|iPhoneSimulator
		{A6FF7DE0-72CA-4FA7-BE4D-E7FD0B78EE80}.Release|iPhone.ActiveCfg = Release|iPhone
		{A6FF7DE0-72CA-4FA7-BE4D-E7FD0B78EE80}.Release|iPhone.Build.0 = Release|iPhone
		{A6FF7DE0-72CA-4FA7-BE4D-E7FD0B78EE80}.Release|iPhoneSimulator.ActiveCfg = Release|iPhoneSimulator
		{A6FF7DE0-72CA-4FA7-BE4D-E7FD0B78EE80}.Release|iPhoneSimulator.Build.0 = Release|iPhoneSimulator
	EndGlobalSection
	GlobalSection(SolutionProperties) = preSolution
		HideSolutionNode = FALSE
	EndGlobalSection
	GlobalSection(ExtensibilityGlobals) = postSolution
		SolutionGuid = {9CAD0280-15A6-4157-AA65-6FB160F1D7F3}
	EndGlobalSection
EndGlobal
